[[package]]
category = "main"
description = "Ctypes-based simple MagickWand API binding for Python"
name = "wand"
optional = false
python-versions = "*"
version = "0.6.2"

[package.extras]
doc = ["Sphinx (>=2.4.1)"]
test = ["pytest (>=5.3.5)"]

[metadata]
content-hash = "e5a392ddc7ef26485a378cddbb061580f63cb4ba57e8431bbfaeaf969a66aad3"
lock-version = "1.0"
python-versions = "^3.8"

[metadata.files]
wand = [
    {file = "Wand-0.6.2-py2.py3-none-any.whl", hash = "sha256:b56b96189df2ac3db586afdc6ba67ca37c886d234c3fd98d94172f03248a8e3b"},
    {file = "Wand-0.6.2.tar.gz", hash = "sha256:65440e478b595aaa18483e25091adacf6d4458c49c2fd8d59e0fd44a7393a14a"},
]
